
Microsoft Visual Studio Solution File, Format Version 12.00
# Visual Studio Version 17
VisualStudioVersion = 17.5.33424.131
MinimumVisualStudioVersion = 10.0.40219.1
Project("{FAE04EC0-301F-11D3-BF4B-00C04F79EFBC}") = "Danskebank_API", "Danskebank_API\Danskebank_API.csproj", "{61221735-BD37-42E4-AF87-1741FB66BF1A}"
EndProject
Global
	GlobalSection(SolutionConfigurationPlatforms) = preSolution
		Debug|Any CPU = Debug|Any CPU
		Release|Any CPU = Release|Any CPU
	EndGlobalSection
	GlobalSection(ProjectConfigurationPlatforms) = postSolution
		{61221735-BD37-42E4-AF87-1741FB66BF1A}.Debug|Any CPU.ActiveCfg = Debug|Any CPU
		{61221735-BD37-42E4-AF87-1741FB66BF1A}.Debug|Any CPU.Build.0 = Debug|Any CPU
		{61221735-BD37-42E4-AF87-1741FB66BF1A}.Release|Any CPU.ActiveCfg = Release|Any CPU
		{61221735-BD37-42E4-AF87-1741FB66BF1A}.Release|Any CPU.Build.0 = Release|Any CPU
	EndGlobalSection
	GlobalSection(SolutionProperties) = preSolution
		HideSolutionNode = FALSE
	EndGlobalSection
	GlobalSection(ExtensibilityGlobals) = postSolution
		SolutionGuid = {E2FB125F-2EA8-4146-861E-C2693BDC5C5C}
	EndGlobalSection
EndGlobal
